// !$*UTF8*$!
{
	archiveVersion = 1;
	classes = {
	};
	objectVersion = 50;
	objects = {

/* Begin PBXBuildFile section */
		8106330522D3029B00A2073A /* iOSObjectiveCGLES1Renderer.framework in Frameworks */ = {isa = PBXBuildFile; fileRef = 810632FC22D3029B00A2073A /* iOSObjectiveCGLES1Renderer.framework */; };
		8106330A22D3029B00A2073A /* iOSObjectiveCGLES1RendererTests.m in Sources */ = {isa = PBXBuildFile; fileRef = 8106330922D3029B00A2073A /* iOSObjectiveCGLES1RendererTests.m */; };
		8106330C22D3029B00A2073A /* iOSObjectiveCGLES1Renderer.h in Headers */ = {isa = PBXBuildFile; fileRef = 810632FE22D3029B00A2073A /* iOSObjectiveCGLES1Renderer.h */; settings = {ATTRIBUTES = (Public, ); }; };
		8106333422D302FD00A2073A /* ModelViewTransformMatrix.m in Sources */ = {isa = PBXBuildFile; fileRef = 8106331922D302FD00A2073A /* ModelViewTransformMatrix.m */; };
		8106333622D302FD00A2073A /* GLES1Renderer.m in Sources */ = {isa = PBXBuildFile; fileRef = 8106331C22D302FD00A2073A /* GLES1Renderer.m */; };
		8106333722D302FD00A2073A /* GLES1Renderer.h in Headers */ = {isa = PBXBuildFile; fileRef = 8106331D22D302FD00A2073A /* GLES1Renderer.h */; settings = {ATTRIBUTES = (Public, ); }; };
		8106333922D302FD00A2073A /* BaseAsset.m in Sources */ = {isa = PBXBuildFile; fileRef = 8106332022D302FD00A2073A /* BaseAsset.m */; };
		8106333B22D302FD00A2073A /* BaseAsset.h in Headers */ = {isa = PBXBuildFile; fileRef = 8106332222D302FD00A2073A /* BaseAsset.h */; settings = {ATTRIBUTES = (Public, ); }; };
		8106333E22D302FD00A2073A /* Viewport.h in Headers */ = {isa = PBXBuildFile; fileRef = 8106332722D302FD00A2073A /* Viewport.h */; };
		8106333F22D302FD00A2073A /* Viewport.m in Sources */ = {isa = PBXBuildFile; fileRef = 8106332822D302FD00A2073A /* Viewport.m */; };
		8106334022D302FD00A2073A /* BaseBufferObject.h in Headers */ = {isa = PBXBuildFile; fileRef = 8106332A22D302FD00A2073A /* BaseBufferObject.h */; };
		8106334122D302FD00A2073A /* FrameBufferObject.h in Headers */ = {isa = PBXBuildFile; fileRef = 8106332B22D302FD00A2073A /* FrameBufferObject.h */; };
		8106334222D302FD00A2073A /* ColorBufferObject.m in Sources */ = {isa = PBXBuildFile; fileRef = 8106332C22D302FD00A2073A /* ColorBufferObject.m */; };
		8106334322D302FD00A2073A /* FrameBufferObject.m in Sources */ = {isa = PBXBuildFile; fileRef = 8106332D22D302FD00A2073A /* FrameBufferObject.m */; };
		8106334422D302FD00A2073A /* BaseBufferObject.m in Sources */ = {isa = PBXBuildFile; fileRef = 8106332E22D302FD00A2073A /* BaseBufferObject.m */; };
		8106334522D302FD00A2073A /* ColorBufferObject.h in Headers */ = {isa = PBXBuildFile; fileRef = 8106332F22D302FD00A2073A /* ColorBufferObject.h */; };
		8106334F22D347A700A2073A /* GLESColor.h in Headers */ = {isa = PBXBuildFile; fileRef = 8106334D22D347A700A2073A /* GLESColor.h */; };
		8106335022D347A700A2073A /* GLESColor.m in Sources */ = {isa = PBXBuildFile; fileRef = 8106334E22D347A700A2073A /* GLESColor.m */; };
		811A48A72421941400C2BE66 /* SphereAsset1.m in Sources */ = {isa = PBXBuildFile; fileRef = 811A48A62421941400C2BE66 /* SphereAsset1.m */; };
		811A48A92421942000C2BE66 /* SphereAsset1.h in Headers */ = {isa = PBXBuildFile; fileRef = 811A48A82421942000C2BE66 /* SphereAsset1.h */; };
		811A48B124219F9100C2BE66 /* GLES1Normal.m in Sources */ = {isa = PBXBuildFile; fileRef = 811A48B024219F9100C2BE66 /* GLES1Normal.m */; };
		811A48B324219F9D00C2BE66 /* GLES1Normal.h in Headers */ = {isa = PBXBuildFile; fileRef = 811A48B224219F9D00C2BE66 /* GLES1Normal.h */; };
		811ADB00244D458600745E1A /* GLES1ShaderAsset.h in Headers */ = {isa = PBXBuildFile; fileRef = 811ADAFF244D458600745E1A /* GLES1ShaderAsset.h */; };
		811ADB02244D459700745E1A /* GLES1ShaderAsset.m in Sources */ = {isa = PBXBuildFile; fileRef = 811ADB01244D459700745E1A /* GLES1ShaderAsset.m */; };
		8128A24C2472223900630772 /* TextureAnimatorAsset.m in Sources */ = {isa = PBXBuildFile; fileRef = 8128A24A2472223900630772 /* TextureAnimatorAsset.m */; };
		8128A24D2472223900630772 /* TextureAnimatorAsset.h in Headers */ = {isa = PBXBuildFile; fileRef = 8128A24B2472223900630772 /* TextureAnimatorAsset.h */; };
		8128A250247224C300630772 /* BaseAnimatorAsset.m in Sources */ = {isa = PBXBuildFile; fileRef = 8128A24E247224C300630772 /* BaseAnimatorAsset.m */; };
		8128A251247224C300630772 /* BaseAnimatorAsset.h in Headers */ = {isa = PBXBuildFile; fileRef = 8128A24F247224C300630772 /* BaseAnimatorAsset.h */; };
		8135DC9724A4367D00A4C72D /* CubeAsset2.m in Sources */ = {isa = PBXBuildFile; fileRef = 8135DC9524A4367D00A4C72D /* CubeAsset2.m */; };
		8135DC9824A4367D00A4C72D /* CubeAsset2.h in Headers */ = {isa = PBXBuildFile; fileRef = 8135DC9624A4367D00A4C72D /* CubeAsset2.h */; };
		81416DFC247366BD0082A367 /* TextureAtlasAnimatorAsset.m in Sources */ = {isa = PBXBuildFile; fileRef = 81416DFA247366BD0082A367 /* TextureAtlasAnimatorAsset.m */; };
		81416DFD247366BD0082A367 /* TextureAtlasAnimatorAsset.h in Headers */ = {isa = PBXBuildFile; fileRef = 81416DFB247366BD0082A367 /* TextureAtlasAnimatorAsset.h */; };
		814B975B22D4A87C000CE7DA /* DepthBufferObject.h in Headers */ = {isa = PBXBuildFile; fileRef = 814B975A22D4A87C000CE7DA /* DepthBufferObject.h */; };
		814B975D22D4A886000CE7DA /* DepthBufferObject.m in Sources */ = {isa = PBXBuildFile; fileRef = 814B975C22D4A886000CE7DA /* DepthBufferObject.m */; };
		814CB67824AD60C600277915 /* RectangleAsset3.h in Headers */ = {isa = PBXBuildFile; fileRef = 814CB67624AD60C500277915 /* RectangleAsset3.h */; };
		814CB67924AD60C600277915 /* RectangleAsset3.m in Sources */ = {isa = PBXBuildFile; fileRef = 814CB67724AD60C500277915 /* RectangleAsset3.m */; };
		814EA166240608840055F562 /* ProjectonTransfomMatrix.m in Sources */ = {isa = PBXBuildFile; fileRef = 814EA164240608840055F562 /* ProjectonTransfomMatrix.m */; };
		814EA167240608840055F562 /* ProjectonTransfomMatrix.h in Headers */ = {isa = PBXBuildFile; fileRef = 814EA165240608840055F562 /* ProjectonTransfomMatrix.h */; };
		814EA169240630C10055F562 /* ModelViewTransformMatrix.h in Headers */ = {isa = PBXBuildFile; fileRef = 814EA168240630C10055F562 /* ModelViewTransformMatrix.h */; };
		814EB07324185C7900AC500C /* CircleAsset1.h in Headers */ = {isa = PBXBuildFile; fileRef = 814EB07224185C7900AC500C /* CircleAsset1.h */; };
		814EB07524185C8B00AC500C /* CircleAsset1.m in Sources */ = {isa = PBXBuildFile; fileRef = 814EB07424185C8B00AC500C /* CircleAsset1.m */; };
		814EB07824185D6F00AC500C /* GLES1Angle.m in Sources */ = {isa = PBXBuildFile; fileRef = 814EB07724185D6F00AC500C /* GLES1Angle.m */; };
		8152B33E24D7930A00E4C279 /* CircleAsset3.h in Headers */ = {isa = PBXBuildFile; fileRef = 8152B33C24D7930A00E4C279 /* CircleAsset3.h */; };
		8152B33F24D7930A00E4C279 /* CircleAsset3.m in Sources */ = {isa = PBXBuildFile; fileRef = 8152B33D24D7930A00E4C279 /* CircleAsset3.m */; };
		81644E6324B2B68800841DEA /* CubeAsset3.m in Sources */ = {isa = PBXBuildFile; fileRef = 81644E6124B2B68800841DEA /* CubeAsset3.m */; };
		81644E6424B2B68800841DEA /* CubeAsset3.h in Headers */ = {isa = PBXBuildFile; fileRef = 81644E6224B2B68800841DEA /* CubeAsset3.h */; };
		81655BFB24501C94006B370B /* WipeAsset1.h in Headers */ = {isa = PBXBuildFile; fileRef = 81655BF924501C93006B370B /* WipeAsset1.h */; };
		81655BFC24501C94006B370B /* WipeAsset1.m in Sources */ = {isa = PBXBuildFile; fileRef = 81655BFA24501C93006B370B /* WipeAsset1.m */; };
		81655BFF24501CEE006B370B /* BaseWipeAsset.h in Headers */ = {isa = PBXBuildFile; fileRef = 81655BFD24501CEE006B370B /* BaseWipeAsset.h */; };
		81655C0024501CEE006B370B /* BaseWipeAsset.m in Sources */ = {isa = PBXBuildFile; fileRef = 81655BFE24501CEE006B370B /* BaseWipeAsset.m */; };
		816662F9245006B400C5993C /* StencilBufferObject.h in Headers */ = {isa = PBXBuildFile; fileRef = 816662F7245006B400C5993C /* StencilBufferObject.h */; };
		816662FA245006B400C5993C /* StencilBufferObject.m in Sources */ = {isa = PBXBuildFile; fileRef = 816662F8245006B400C5993C /* StencilBufferObject.m */; };
		8167B04224AABFC900FFB4A7 /* TriangleAsset3.h in Headers */ = {isa = PBXBuildFile; fileRef = 8167B04024AABFC900FFB4A7 /* TriangleAsset3.h */; };
		8167B04324AABFC900FFB4A7 /* TriangleAsset3.m in Sources */ = {isa = PBXBuildFile; fileRef = 8167B04124AABFC900FFB4A7 /* TriangleAsset3.m */; };
		81690554255AAF2900C6BFBF /* RectangleAsset4.m in Sources */ = {isa = PBXBuildFile; fileRef = 81690552255AAF2800C6BFBF /* RectangleAsset4.m */; };
		81690555255AAF2900C6BFBF /* RectangleAsset4.h in Headers */ = {isa = PBXBuildFile; fileRef = 81690553255AAF2900C6BFBF /* RectangleAsset4.h */; };
		8173786724619CFF00AE510F /* MaterialAsset.m in Sources */ = {isa = PBXBuildFile; fileRef = 8173786524619CFF00AE510F /* MaterialAsset.m */; };
		8173786824619CFF00AE510F /* MaterialAsset.h in Headers */ = {isa = PBXBuildFile; fileRef = 8173786624619CFF00AE510F /* MaterialAsset.h */; };
		8173786B24619D1B00AE510F /* Material.h in Headers */ = {isa = PBXBuildFile; fileRef = 8173786924619D1B00AE510F /* Material.h */; };
		8173786C24619D1B00AE510F /* Material.m in Sources */ = {isa = PBXBuildFile; fileRef = 8173786A24619D1B00AE510F /* Material.m */; };
		8173786F2461A31C00AE510F /* Mesh.h in Headers */ = {isa = PBXBuildFile; fileRef = 8173786D2461A31C00AE510F /* Mesh.h */; };
		817378702461A31C00AE510F /* Mesh.m in Sources */ = {isa = PBXBuildFile; fileRef = 8173786E2461A31C00AE510F /* Mesh.m */; };
		817394C522E156AF003B829B /* VertexArray.m in Sources */ = {isa = PBXBuildFile; fileRef = 817394C322E156AF003B829B /* VertexArray.m */; };
		817394C622E156AF003B829B /* VertexArray.h in Headers */ = {isa = PBXBuildFile; fileRef = 817394C422E156AF003B829B /* VertexArray.h */; };
		818755E823C319F8004BF64B /* TriangleAsset1.h in Headers */ = {isa = PBXBuildFile; fileRef = 818755E623C319F8004BF64B /* TriangleAsset1.h */; settings = {ATTRIBUTES = (Public, ); }; };
		818755E923C319F8004BF64B /* TriangleAsset1.m in Sources */ = {isa = PBXBuildFile; fileRef = 818755E723C319F8004BF64B /* TriangleAsset1.m */; };
		8192E82C242679E100EB7AAE /* TextureAsset.h in Headers */ = {isa = PBXBuildFile; fileRef = 8192E82B242679E100EB7AAE /* TextureAsset.h */; };
		8192E82E242679F500EB7AAE /* TextureAsset.m in Sources */ = {isa = PBXBuildFile; fileRef = 8192E82D242679F500EB7AAE /* TextureAsset.m */; };
		8192E83024267CFB00EB7AAE /* GLES1Exponentiation.m in Sources */ = {isa = PBXBuildFile; fileRef = 8192E82F24267CFB00EB7AAE /* GLES1Exponentiation.m */; };
		8192E83224267D0700EB7AAE /* GLES1Exponentiation.h in Headers */ = {isa = PBXBuildFile; fileRef = 8192E83124267D0700EB7AAE /* GLES1Exponentiation.h */; };
		8199EF662459054C00FFEAA8 /* ObjAsset.m in Sources */ = {isa = PBXBuildFile; fileRef = 8199EF652459054C00FFEAA8 /* ObjAsset.m */; };
		8199EF682459055D00FFEAA8 /* ObjAsset.h in Headers */ = {isa = PBXBuildFile; fileRef = 8199EF672459055D00FFEAA8 /* ObjAsset.h */; };
		819B185824A02D4E00BE4AA9 /* RectangleAsset2.h in Headers */ = {isa = PBXBuildFile; fileRef = 819B185624A02D4E00BE4AA9 /* RectangleAsset2.h */; };
		819B185924A02D4E00BE4AA9 /* RectangleAsset2.m in Sources */ = {isa = PBXBuildFile; fileRef = 819B185724A02D4E00BE4AA9 /* RectangleAsset2.m */; };
		819D809D22D440A70076832A /* Transform.m in Sources */ = {isa = PBXBuildFile; fileRef = 819D809B22D440A70076832A /* Transform.m */; };
		819D809E22D440A70076832A /* Transform.h in Headers */ = {isa = PBXBuildFile; fileRef = 819D809C22D440A70076832A /* Transform.h */; };
		819D80A822D450080076832A /* GLES1Camera.m in Sources */ = {isa = PBXBuildFile; fileRef = 819D80A622D450080076832A /* GLES1Camera.m */; };
		819D80AA22D4524D0076832A /* GLES1Camera.h in Headers */ = {isa = PBXBuildFile; fileRef = 819D80A922D4524D0076832A /* GLES1Camera.h */; };
		81B65D6A24A5DA190075C0D1 /* SphereAsset2.h in Headers */ = {isa = PBXBuildFile; fileRef = 81B65D6824A5DA190075C0D1 /* SphereAsset2.h */; };
		81B65D6B24A5DA190075C0D1 /* SphereAsset2.m in Sources */ = {isa = PBXBuildFile; fileRef = 81B65D6924A5DA190075C0D1 /* SphereAsset2.m */; };
		81B675CB2551AD88007B589E /* TriangleAsset4.h in Headers */ = {isa = PBXBuildFile; fileRef = 81B675C92551AD88007B589E /* TriangleAsset4.h */; };
		81B675CC2551AD88007B589E /* TriangleAsset4.m in Sources */ = {isa = PBXBuildFile; fileRef = 81B675CA2551AD88007B589E /* TriangleAsset4.m */; };
		81B76E1C243EB15900ADD9A6 /* GLES1Fog.h in Headers */ = {isa = PBXBuildFile; fileRef = 81B76E1A243EB15800ADD9A6 /* GLES1Fog.h */; };
		81B76E1D243EB15900ADD9A6 /* GLES1Fog.m in Sources */ = {isa = PBXBuildFile; fileRef = 81B76E1B243EB15900ADD9A6 /* GLES1Fog.m */; };
		81C08CCE24065565004F496A /* CubeAsset1.m in Sources */ = {isa = PBXBuildFile; fileRef = 81C08CCC24065565004F496A /* CubeAsset1.m */; };
		81C08CCF24065565004F496A /* CubeAsset1.h in Headers */ = {isa = PBXBuildFile; fileRef = 81C08CCD24065565004F496A /* CubeAsset1.h */; };
		81C08CD32406566A004F496A /* glu.c in Sources */ = {isa = PBXBuildFile; fileRef = 81C08CD12406566A004F496A /* glu.c */; };
		81C08CD42406566A004F496A /* glu.h in Headers */ = {isa = PBXBuildFile; fileRef = 81C08CD22406566A004F496A /* glu.h */; };
		81C5BFDA24B699AB00F45782 /* SphereAsset3.h in Headers */ = {isa = PBXBuildFile; fileRef = 81C5BFD824B699AB00F45782 /* SphereAsset3.h */; };
		81C5BFDB24B699AB00F45782 /* SphereAsset3.m in Sources */ = {isa = PBXBuildFile; fileRef = 81C5BFD924B699AB00F45782 /* SphereAsset3.m */; };
		81C6E6522415BBBB00DB88F2 /* RectangleAsset1.h in Headers */ = {isa = PBXBuildFile; fileRef = 81C6E6512415BBBB00DB88F2 /* RectangleAsset1.h */; };
		81C6E6542415BBE000DB88F2 /* RectangleAsset1.m in Sources */ = {isa = PBXBuildFile; fileRef = 81C6E6532415BBE000DB88F2 /* RectangleAsset1.m */; };
		81D038BF2443E76E002367AB /* GLESBlend.m in Sources */ = {isa = PBXBuildFile; fileRef = 81D038BE2443E76E002367AB /* GLESBlend.m */; };
		81D038C12443E77A002367AB /* GLESBlend.h in Headers */ = {isa = PBXBuildFile; fileRef = 81D038C02443E77A002367AB /* GLESBlend.h */; };
		81D4EC042410DC5E00E7B3F5 /* GLES1Light.m in Sources */ = {isa = PBXBuildFile; fileRef = 81D4EC022410DC5E00E7B3F5 /* GLES1Light.m */; };
		81D4EC052410DC5E00E7B3F5 /* GLES1Light.h in Headers */ = {isa = PBXBuildFile; fileRef = 81D4EC032410DC5E00E7B3F5 /* GLES1Light.h */; };
		81D89D532484C58000A56DBE /* TriangleAsset2.h in Headers */ = {isa = PBXBuildFile; fileRef = 81D89D512484C58000A56DBE /* TriangleAsset2.h */; };
		81D89D542484C58000A56DBE /* TriangleAsset2.m in Sources */ = {isa = PBXBuildFile; fileRef = 81D89D522484C58000A56DBE /* TriangleAsset2.m */; };
		81F4421B24A17EDB009C443B /* CircleAsset2.h in Headers */ = {isa = PBXBuildFile; fileRef = 81F4421924A17EDB009C443B /* CircleAsset2.h */; };
		81F4421C24A17EDB009C443B /* CircleAsset2.m in Sources */ = {isa = PBXBuildFile; fileRef = 81F4421A24A17EDB009C443B /* CircleAsset2.m */; };
/* End PBXBuildFile section */

/* Begin PBXContainerItemProxy section */
		8106330622D3029B00A2073A /* PBXContainerItemProxy */ = {
			isa = PBXContainerItemProxy;
			containerPortal = 814FAEC922CF0F9D006F9494 /* Project object */;
			proxyType = 1;
			remoteGlobalIDString = 810632FB22D3029B00A2073A;
			remoteInfo = iOSObjectiveCGLES1Renderer;
		};
/* End PBXContainerItemProxy section */

/* Begin PBXFileReference section */
		810632FC22D3029B00A2073A /* iOSObjectiveCGLES1Renderer.framework */ = {isa = PBXFileReference; explicitFileType = wrapper.framework; includeInIndex = 0; path = iOSObjectiveCGLES1Renderer.framework; sourceTree = BUILT_PRODUCTS_DIR; };
		810632FE22D3029B00A2073A /* iOSObjectiveCGLES1Renderer.h */ = {isa = PBXFileReference; lastKnownFileType = sourcecode.c.h; path = iOSObjectiveCGLES1Renderer.h; sourceTree = "<group>"; };
		810632FF22D3029B00A2073A /* Info.plist */ = {isa = PBXFileReference; lastKnownFileType = text.plist.xml; path = Info.plist; sourceTree = "<group>"; };
		8106330422D3029B00A2073A /* iOSObjectiveCGLES1RendererTests.xctest */ = {isa = PBXFileReference; explicitFileType = wrapper.cfbundle; includeInIndex = 0; path = iOSObjectiveCGLES1RendererTests.xctest; sourceTree = BUILT_PRODUCTS_DIR; };
		8106330922D3029B00A2073A /* iOSObjectiveCGLES1RendererTests.m */ = {isa = PBXFileReference; lastKnownFileType = sourcecode.c.objc; path = iOSObjectiveCGLES1RendererTests.m; sourceTree = "<group>"; };
		8106330B22D3029B00A2073A /* Info.plist */ = {isa = PBXFileReference; lastKnownFileType = text.plist.xml; path = Info.plist; sourceTree = "<group>"; };
		8106331922D302FD00A2073A /* ModelViewTransformMatrix.m */ = {isa = PBXFileReference; fileEncoding = 4; lastKnownFileType = sourcecode.c.objc; path = ModelViewTransformMatrix.m; sourceTree = "<group>"; };
		8106331C22D302FD00A2073A /* GLES1Renderer.m */ = {isa = PBXFileReference; fileEncoding = 4; lastKnownFileType = sourcecode.c.objc; path = GLES1Renderer.m; sourceTree = "<group>"; };
		8106331D22D302FD00A2073A /* GLES1Renderer.h */ = {isa = PBXFileReference; fileEncoding = 4; lastKnownFileType = sourcecode.c.h; path = GLES1Renderer.h; sourceTree = "<group>"; };
		8106332022D302FD00A2073A /* BaseAsset.m */ = {isa = PBXFileReference; fileEncoding = 4; lastKnownFileType = sourcecode.c.objc; path = BaseAsset.m; sourceTree = "<group>"; };
		8106332222D302FD00A2073A /* BaseAsset.h */ = {isa = PBXFileReference; fileEncoding = 4; lastKnownFileType = sourcecode.c.h; path = BaseAsset.h; sourceTree = "<group>"; };
		8106332722D302FD00A2073A /* Viewport.h */ = {isa = PBXFileReference; fileEncoding = 4; lastKnownFileType = sourcecode.c.h; path = Viewport.h; sourceTree = "<group>"; };
		8106332822D302FD00A2073A /* Viewport.m */ = {isa = PBXFileReference; fileEncoding = 4; lastKnownFileType = sourcecode.c.objc; path = Viewport.m; sourceTree = "<group>"; };
		8106332A22D302FD00A2073A /* BaseBufferObject.h */ = {isa = PBXFileReference; fileEncoding = 4; lastKnownFileType = sourcecode.c.h; path = BaseBufferObject.h; sourceTree = "<group>"; };
		8106332B22D302FD00A2073A /* FrameBufferObject.h */ = {isa = PBXFileReference; fileEncoding = 4; lastKnownFileType = sourcecode.c.h; path = FrameBufferObject.h; sourceTree = "<group>"; };
		8106332C22D302FD00A2073A /* ColorBufferObject.m */ = {isa = PBXFileReference; fileEncoding = 4; lastKnownFileType = sourcecode.c.objc; path = ColorBufferObject.m; sourceTree = "<group>"; };
		8106332D22D302FD00A2073A /* FrameBufferObject.m */ = {isa = PBXFileReference; fileEncoding = 4; lastKnownFileType = sourcecode.c.objc; path = FrameBufferObject.m; sourceTree = "<group>"; };
		8106332E22D302FD00A2073A /* BaseBufferObject.m */ = {isa = PBXFileReference; fileEncoding = 4; lastKnownFileType = sourcecode.c.objc; path = BaseBufferObject.m; sourceTree = "<group>"; };
		8106332F22D302FD00A2073A /* ColorBufferObject.h */ = {isa = PBXFileReference; fileEncoding = 4; lastKnownFileType = sourcecode.c.h; path = ColorBufferObject.h; sourceTree = "<group>"; };
		8106334D22D347A700A2073A /* GLESColor.h */ = {isa = PBXFileReference; fileEncoding = 4; lastKnownFileType = sourcecode.c.h; path = GLESColor.h; sourceTree = "<group>"; };
		8106334E22D347A700A2073A /* GLESColor.m */ = {isa = PBXFileReference; fileEncoding = 4; lastKnownFileType = sourcecode.c.objc; path = GLESColor.m; sourceTree = "<group>"; };
		811A48A62421941400C2BE66 /* SphereAsset1.m */ = {isa = PBXFileReference; lastKnownFileType = sourcecode.c.objc; path = SphereAsset1.m; sourceTree = "<group>"; };
		811A48A82421942000C2BE66 /* SphereAsset1.h */ = {isa = PBXFileReference; lastKnownFileType = sourcecode.c.h; path = SphereAsset1.h; sourceTree = "<group>"; };
		811A48B024219F9100C2BE66 /* GLES1Normal.m */ = {isa = PBXFileReference; lastKnownFileType = sourcecode.c.objc; path = GLES1Normal.m; sourceTree = "<group>"; };
		811A48B224219F9D00C2BE66 /* GLES1Normal.h */ = {isa = PBXFileReference; lastKnownFileType = sourcecode.c.h; path = GLES1Normal.h; sourceTree = "<group>"; };
		811ADAFF244D458600745E1A /* GLES1ShaderAsset.h */ = {isa = PBXFileReference; lastKnownFileType = sourcecode.c.h; path = GLES1ShaderAsset.h; sourceTree = "<group>"; };
		811ADB01244D459700745E1A /* GLES1ShaderAsset.m */ = {isa = PBXFileReference; lastKnownFileType = sourcecode.c.objc; path = GLES1ShaderAsset.m; sourceTree = "<group>"; };
		8128A24A2472223900630772 /* TextureAnimatorAsset.m */ = {isa = PBXFileReference; fileEncoding = 4; lastKnownFileType = sourcecode.c.objc; path = TextureAnimatorAsset.m; sourceTree = "<group>"; };
		8128A24B2472223900630772 /* TextureAnimatorAsset.h */ = {isa = PBXFileReference; fileEncoding = 4; lastKnownFileType = sourcecode.c.h; path = TextureAnimatorAsset.h; sourceTree = "<group>"; };
		8128A24E247224C300630772 /* BaseAnimatorAsset.m */ = {isa = PBXFileReference; fileEncoding = 4; lastKnownFileType = sourcecode.c.objc; path = BaseAnimatorAsset.m; sourceTree = "<group>"; };
		8128A24F247224C300630772 /* BaseAnimatorAsset.h */ = {isa = PBXFileReference; fileEncoding = 4; lastKnownFileType = sourcecode.c.h; path = BaseAnimatorAsset.h; sourceTree = "<group>"; };
		8135DC9524A4367D00A4C72D /* CubeAsset2.m */ = {isa = PBXFileReference; fileEncoding = 4; lastKnownFileType = sourcecode.c.objc; path = CubeAsset2.m; sourceTree = "<group>"; };
		8135DC9624A4367D00A4C72D /* CubeAsset2.h */ = {isa = PBXFileReference; fileEncoding = 4; lastKnownFileType = sourcecode.c.h; path = CubeAsset2.h; sourceTree = "<group>"; };
		81416DFA247366BD0082A367 /* TextureAtlasAnimatorAsset.m */ = {isa = PBXFileReference; fileEncoding = 4; lastKnownFileType = sourcecode.c.objc; path = TextureAtlasAnimatorAsset.m; sourceTree = "<group>"; };
		81416DFB247366BD0082A367 /* TextureAtlasAnimatorAsset.h */ = {isa = PBXFileReference; fileEncoding = 4; lastKnownFileType = sourcecode.c.h; path = TextureAtlasAnimatorAsset.h; sourceTree = "<group>"; };
		814B975A22D4A87C000CE7DA /* DepthBufferObject.h */ = {isa = PBXFileReference; lastKnownFileType = sourcecode.c.h; path = DepthBufferObject.h; sourceTree = "<group>"; };
		814B975C22D4A886000CE7DA /* DepthBufferObject.m */ = {isa = PBXFileReference; lastKnownFileType = sourcecode.c.objc; path = DepthBufferObject.m; sourceTree = "<group>"; };
		814CB67624AD60C500277915 /* RectangleAsset3.h */ = {isa = PBXFileReference; fileEncoding = 4; lastKnownFileType = sourcecode.c.h; path = RectangleAsset3.h; sourceTree = "<group>"; };
		814CB67724AD60C500277915 /* RectangleAsset3.m */ = {isa = PBXFileReference; fileEncoding = 4; lastKnownFileType = sourcecode.c.objc; path = RectangleAsset3.m; sourceTree = "<group>"; };
		814EA164240608840055F562 /* ProjectonTransfomMatrix.m */ = {isa = PBXFileReference; fileEncoding = 4; lastKnownFileType = sourcecode.c.objc; path = ProjectonTransfomMatrix.m; sourceTree = "<group>"; };
		814EA165240608840055F562 /* ProjectonTransfomMatrix.h */ = {isa = PBXFileReference; fileEncoding = 4; lastKnownFileType = sourcecode.c.h; path = ProjectonTransfomMatrix.h; sourceTree = "<group>"; };
		814EA168240630C10055F562 /* ModelViewTransformMatrix.h */ = {isa = PBXFileReference; fileEncoding = 4; lastKnownFileType = sourcecode.c.h; path = ModelViewTransformMatrix.h; sourceTree = "<group>"; };
		814EB07224185C7900AC500C /* CircleAsset1.h */ = {isa = PBXFileReference; lastKnownFileType = sourcecode.c.h; path = CircleAsset1.h; sourceTree = "<group>"; };
		814EB07424185C8B00AC500C /* CircleAsset1.m */ = {isa = PBXFileReference; lastKnownFileType = sourcecode.c.objc; path = CircleAsset1.m; sourceTree = "<group>"; };
		814EB07724185D6F00AC500C /* GLES1Angle.m */ = {isa = PBXFileReference; lastKnownFileType = sourcecode.c.objc; path = GLES1Angle.m; sourceTree = "<group>"; };
		814EB07924185D7900AC500C /* GLES1Angle.h */ = {isa = PBXFileReference; lastKnownFileType = sourcecode.c.h; path = GLES1Angle.h; sourceTree = "<group>"; };
		814FAF1822CF13EC006F9494 /* OpenGLES.framework */ = {isa = PBXFileReference; lastKnownFileType = wrapper.framework; name = OpenGLES.framework; path = System/Library/Frameworks/OpenGLES.framework; sourceTree = SDKROOT; };
		814FAF1D22CF176C006F9494 /* Foundation.framework */ = {isa = PBXFileReference; lastKnownFileType = wrapper.framework; name = Foundation.framework; path = System/Library/Frameworks/Foundation.framework; sourceTree = SDKROOT; };
		8152B33C24D7930A00E4C279 /* CircleAsset3.h */ = {isa = PBXFileReference; fileEncoding = 4; lastKnownFileType = sourcecode.c.h; path = CircleAsset3.h; sourceTree = "<group>"; };
		8152B33D24D7930A00E4C279 /* CircleAsset3.m */ = {isa = PBXFileReference; fileEncoding = 4; lastKnownFileType = sourcecode.c.objc; path = CircleAsset3.m; sourceTree = "<group>"; };
		81644E6124B2B68800841DEA /* CubeAsset3.m */ = {isa = PBXFileReference; fileEncoding = 4; lastKnownFileType = sourcecode.c.objc; path = CubeAsset3.m; sourceTree = "<group>"; };
		81644E6224B2B68800841DEA /* CubeAsset3.h */ = {isa = PBXFileReference; fileEncoding = 4; lastKnownFileType = sourcecode.c.h; path = CubeAsset3.h; sourceTree = "<group>"; };
		81655BF924501C93006B370B /* WipeAsset1.h */ = {isa = PBXFileReference; fileEncoding = 4; lastKnownFileType = sourcecode.c.h; path = WipeAsset1.h; sourceTree = "<group>"; };
		81655BFA24501C93006B370B /* WipeAsset1.m */ = {isa = PBXFileReference; fileEncoding = 4; lastKnownFileType = sourcecode.c.objc; path = WipeAsset1.m; sourceTree = "<group>"; };
		81655BFD24501CEE006B370B /* BaseWipeAsset.h */ = {isa = PBXFileReference; fileEncoding = 4; lastKnownFileType = sourcecode.c.h; path = BaseWipeAsset.h; sourceTree = "<group>"; };
		81655BFE24501CEE006B370B /* BaseWipeAsset.m */ = {isa = PBXFileReference; fileEncoding = 4; lastKnownFileType = sourcecode.c.objc; path = BaseWipeAsset.m; sourceTree = "<group>"; };
		816662F7245006B400C5993C /* StencilBufferObject.h */ = {isa = PBXFileReference; fileEncoding = 4; lastKnownFileType = sourcecode.c.h; path = StencilBufferObject.h; sourceTree = "<group>"; };
		816662F8245006B400C5993C /* StencilBufferObject.m */ = {isa = PBXFileReference; fileEncoding = 4; lastKnownFileType = sourcecode.c.objc; path = StencilBufferObject.m; sourceTree = "<group>"; };
		8167B04024AABFC900FFB4A7 /* TriangleAsset3.h */ = {isa = PBXFileReference; fileEncoding = 4; lastKnownFileType = sourcecode.c.h; path = TriangleAsset3.h; sourceTree = "<group>"; };
		8167B04124AABFC900FFB4A7 /* TriangleAsset3.m */ = {isa = PBXFileReference; fileEncoding = 4; lastKnownFileType = sourcecode.c.objc; path = TriangleAsset3.m; sourceTree = "<group>"; };
		81690552255AAF2800C6BFBF /* RectangleAsset4.m */ = {isa = PBXFileReference; fileEncoding = 4; lastKnownFileType = sourcecode.c.objc; path = RectangleAsset4.m; sourceTree = "<group>"; };
		81690553255AAF2900C6BFBF /* RectangleAsset4.h */ = {isa = PBXFileReference; fileEncoding = 4; lastKnownFileType = sourcecode.c.h; path = RectangleAsset4.h; sourceTree = "<group>"; };
		8173786524619CFF00AE510F /* MaterialAsset.m */ = {isa = PBXFileReference; fileEncoding = 4; lastKnownFileType = sourcecode.c.objc; path = MaterialAsset.m; sourceTree = "<group>"; };
		8173786624619CFF00AE510F /* MaterialAsset.h */ = {isa = PBXFileReference; fileEncoding = 4; lastKnownFileType = sourcecode.c.h; path = MaterialAsset.h; sourceTree = "<group>"; };
		8173786924619D1B00AE510F /* Material.h */ = {isa = PBXFileReference; fileEncoding = 4; lastKnownFileType = sourcecode.c.h; path = Material.h; sourceTree = "<group>"; };
		8173786A24619D1B00AE510F /* Material.m */ = {isa = PBXFileReference; fileEncoding = 4; lastKnownFileType = sourcecode.c.objc; path = Material.m; sourceTree = "<group>"; };
		8173786D2461A31C00AE510F /* Mesh.h */ = {isa = PBXFileReference; fileEncoding = 4; lastKnownFileType = sourcecode.c.h; path = Mesh.h; sourceTree = "<group>"; };
		8173786E2461A31C00AE510F /* Mesh.m */ = {isa = PBXFileReference; fileEncoding = 4; lastKnownFileType = sourcecode.c.objc; path = Mesh.m; sourceTree = "<group>"; };
		817394C322E156AF003B829B /* VertexArray.m */ = {isa = PBXFileReference; fileEncoding = 4; lastKnownFileType = sourcecode.c.objc; path = VertexArray.m; sourceTree = "<group>"; };
		817394C422E156AF003B829B /* VertexArray.h */ = {isa = PBXFileReference; fileEncoding = 4; lastKnownFileType = sourcecode.c.h; path = VertexArray.h; sourceTree = "<group>"; };
		818755E623C319F8004BF64B /* TriangleAsset1.h */ = {isa = PBXFileReference; fileEncoding = 4; lastKnownFileType = sourcecode.c.h; path = TriangleAsset1.h; sourceTree = "<group>"; };
		818755E723C319F8004BF64B /* TriangleAsset1.m */ = {isa = PBXFileReference; fileEncoding = 4; lastKnownFileType = sourcecode.c.objc; path = TriangleAsset1.m; sourceTree = "<group>"; };
		8192E82B242679E100EB7AAE /* TextureAsset.h */ = {isa = PBXFileReference; lastKnownFileType = sourcecode.c.h; path = TextureAsset.h; sourceTree = "<group>"; };
		8192E82D242679F500EB7AAE /* TextureAsset.m */ = {isa = PBXFileReference; lastKnownFileType = sourcecode.c.objc; path = TextureAsset.m; sourceTree = "<group>"; };
		8192E82F24267CFB00EB7AAE /* GLES1Exponentiation.m */ = {isa = PBXFileReference; lastKnownFileType = sourcecode.c.objc; path = GLES1Exponentiation.m; sourceTree = "<group>"; };
		8192E83124267D0700EB7AAE /* GLES1Exponentiation.h */ = {isa = PBXFileReference; lastKnownFileType = sourcecode.c.h; path = GLES1Exponentiation.h; sourceTree = "<group>"; };
		8199EF652459054C00FFEAA8 /* ObjAsset.m */ = {isa = PBXFileReference; lastKnownFileType = sourcecode.c.objc; path = ObjAsset.m; sourceTree = "<group>"; };
		8199EF672459055D00FFEAA8 /* ObjAsset.h */ = {isa = PBXFileReference; lastKnownFileType = sourcecode.c.h; path = ObjAsset.h; sourceTree = "<group>"; };
		819B185624A02D4E00BE4AA9 /* RectangleAsset2.h */ = {isa = PBXFileReference; fileEncoding = 4; lastKnownFileType = sourcecode.c.h; path = RectangleAsset2.h; sourceTree = "<group>"; };
		819B185724A02D4E00BE4AA9 /* RectangleAsset2.m */ = {isa = PBXFileReference; fileEncoding = 4; lastKnownFileType = sourcecode.c.objc; path = RectangleAsset2.m; sourceTree = "<group>"; };
		819D809B22D440A70076832A /* Transform.m */ = {isa = PBXFileReference; fileEncoding = 4; lastKnownFileType = sourcecode.c.objc; path = Transform.m; sourceTree = "<group>"; };
		819D809C22D440A70076832A /* Transform.h */ = {isa = PBXFileReference; fileEncoding = 4; lastKnownFileType = sourcecode.c.h; path = Transform.h; sourceTree = "<group>"; };
		819D80A622D450080076832A /* GLES1Camera.m */ = {isa = PBXFileReference; fileEncoding = 4; lastKnownFileType = sourcecode.c.objc; path = GLES1Camera.m; sourceTree = "<group>"; };
		819D80A922D4524D0076832A /* GLES1Camera.h */ = {isa = PBXFileReference; fileEncoding = 4; lastKnownFileType = sourcecode.c.h; path = GLES1Camera.h; sourceTree = "<group>"; };
		81B65D6824A5DA190075C0D1 /* SphereAsset2.h */ = {isa = PBXFileReference; fileEncoding = 4; lastKnownFileType = sourcecode.c.h; path = SphereAsset2.h; sourceTree = "<group>"; };
		81B65D6924A5DA190075C0D1 /* SphereAsset2.m */ = {isa = PBXFileReference; fileEncoding = 4; lastKnownFileType = sourcecode.c.objc; path = SphereAsset2.m; sourceTree = "<group>"; };
		81B675C92551AD88007B589E /* TriangleAsset4.h */ = {isa = PBXFileReference; fileEncoding = 4; lastKnownFileType = sourcecode.c.h; path = TriangleAsset4.h; sourceTree = "<group>"; };
		81B675CA2551AD88007B589E /* TriangleAsset4.m */ = {isa = PBXFileReference; fileEncoding = 4; lastKnownFileType = sourcecode.c.objc; path = TriangleAsset4.m; sourceTree = "<group>"; };
		81B76E1A243EB15800ADD9A6 /* GLES1Fog.h */ = {isa = PBXFileReference; fileEncoding = 4; lastKnownFileType = sourcecode.c.h; path = GLES1Fog.h; sourceTree = "<group>"; };
		81B76E1B243EB15900ADD9A6 /* GLES1Fog.m */ = {isa = PBXFileReference; fileEncoding = 4; lastKnownFileType = sourcecode.c.objc; path = GLES1Fog.m; sourceTree = "<group>"; };
		81C08CCC24065565004F496A /* CubeAsset1.m */ = {isa = PBXFileReference; fileEncoding = 4; lastKnownFileType = sourcecode.c.objc; path = CubeAsset1.m; sourceTree = "<group>"; };
		81C08CCD24065565004F496A /* CubeAsset1.h */ = {isa = PBXFileReference; fileEncoding = 4; lastKnownFileType = sourcecode.c.h; path = CubeAsset1.h; sourceTree = "<group>"; };
		81C08CD12406566A004F496A /* glu.c */ = {isa = PBXFileReference; fileEncoding = 4; lastKnownFileType = sourcecode.c.c; path = glu.c; sourceTree = "<group>"; };
		81C08CD22406566A004F496A /* glu.h */ = {isa = PBXFileReference; fileEncoding = 4; lastKnownFileType = sourcecode.c.h; path = glu.h; sourceTree = "<group>"; };
		81C5BFD824B699AB00F45782 /* SphereAsset3.h */ = {isa = PBXFileReference; fileEncoding = 4; lastKnownFileType = sourcecode.c.h; path = SphereAsset3.h; sourceTree = "<group>"; };
		81C5BFD924B699AB00F45782 /* SphereAsset3.m */ = {isa = PBXFileReference; fileEncoding = 4; lastKnownFileType = sourcecode.c.objc; path = SphereAsset3.m; sourceTree = "<group>"; };
		81C6E6512415BBBB00DB88F2 /* RectangleAsset1.h */ = {isa = PBXFileReference; lastKnownFileType = sourcecode.c.h; path = RectangleAsset1.h; sourceTree = "<group>"; };
		81C6E6532415BBE000DB88F2 /* RectangleAsset1.m */ = {isa = PBXFileReference; lastKnownFileType = sourcecode.c.objc; path = RectangleAsset1.m; sourceTree = "<group>"; };
		81D038BE2443E76E002367AB /* GLESBlend.m */ = {isa = PBXFileReference; lastKnownFileType = sourcecode.c.objc; path = GLESBlend.m; sourceTree = "<group>"; };
		81D038C02443E77A002367AB /* GLESBlend.h */ = {isa = PBXFileReference; lastKnownFileType = sourcecode.c.h; path = GLESBlend.h; sourceTree = "<group>"; };
		81D4EC022410DC5E00E7B3F5 /* GLES1Light.m */ = {isa = PBXFileReference; fileEncoding = 4; lastKnownFileType = sourcecode.c.objc; path = GLES1Light.m; sourceTree = "<group>"; };
		81D4EC032410DC5E00E7B3F5 /* GLES1Light.h */ = {isa = PBXFileReference; fileEncoding = 4; lastKnownFileType = sourcecode.c.h; path = GLES1Light.h; sourceTree = "<group>"; };
		81D89D512484C58000A56DBE /* TriangleAsset2.h */ = {isa = PBXFileReference; fileEncoding = 4; lastKnownFileType = sourcecode.c.h; path = TriangleAsset2.h; sourceTree = "<group>"; };
		81D89D522484C58000A56DBE /* TriangleAsset2.m */ = {isa = PBXFileReference; fileEncoding = 4; lastKnownFileType = sourcecode.c.objc; path = TriangleAsset2.m; sourceTree = "<group>"; };
		81F4421924A17EDB009C443B /* CircleAsset2.h */ = {isa = PBXFileReference; fileEncoding = 4; lastKnownFileType = sourcecode.c.h; path = CircleAsset2.h; sourceTree = "<group>"; };
		81F4421A24A17EDB009C443B /* CircleAsset2.m */ = {isa = PBXFileReference; fileEncoding = 4; lastKnownFileType = sourcecode.c.objc; path = CircleAsset2.m; sourceTree = "<group>"; };
/* End PBXFileReference section */

/* Begin PBXFrameworksBuildPhase section */
		810632F922D3029B00A2073A /* Frameworks */ = {
			isa = PBXFrameworksBuildPhase;
			buildActionMask = 2147483647;
			files = (
			);
			runOnlyForDeploymentPostprocessing = 0;
		};
		8106330122D3029B00A2073A /* Frameworks */ = {
			isa = PBXFrameworksBuildPhase;
			buildActionMask = 2147483647;
			files = (
				8106330522D3029B00A2073A /* iOSObjectiveCGLES1Renderer.framework in Frameworks */,
			);
			runOnlyForDeploymentPostprocessing = 0;
		};
/* End PBXFrameworksBuildPhase section */

/* Begin PBXGroup section */
		810632FD22D3029B00A2073A /* iOSObjectiveCGLES1Renderer */ = {
			isa = PBXGroup;
			children = (
				8106331322D302FD00A2073A /* Classes */,
				810632FE22D3029B00A2073A /* iOSObjectiveCGLES1Renderer.h */,
				810632FF22D3029B00A2073A /* Info.plist */,
			);
			path = iOSObjectiveCGLES1Renderer;
			sourceTree = "<group>";
		};
		8106330822D3029B00A2073A /* iOSObjectiveCGLES1RendererTests */ = {
			isa = PBXGroup;
			children = (
				8106330922D3029B00A2073A /* iOSObjectiveCGLES1RendererTests.m */,
				8106330B22D3029B00A2073A /* Info.plist */,
			);
			path = iOSObjectiveCGLES1RendererTests;
			sourceTree = "<group>";
		};
		8106331322D302FD00A2073A /* Classes */ = {
			isa = PBXGroup;
			children = (
				8106331E22D302FD00A2073A /* Asset */,
				8106332922D302FD00A2073A /* BufferObject */,
				819D80A422D450080076832A /* Camera */,
				8106332322D302FD00A2073A /* Entity */,
				81D4EC012410DC5E00E7B3F5 /* Environment */,
				8106331B22D302FD00A2073A /* Renderer */,
				814EB07624185D5500AC500C /* Math */,
				8106332622D302FD00A2073A /* Screen */,
				8106331422D302FD00A2073A /* TransformMatrix */,
				81C08CD02406566A004F496A /* Utility */,
			);
			path = Classes;
			sourceTree = "<group>";
		};
		8106331422D302FD00A2073A /* TransformMatrix */ = {
			isa = PBXGroup;
			children = (
				814EA165240608840055F562 /* ProjectonTransfomMatrix.h */,
				814EA164240608840055F562 /* ProjectonTransfomMatrix.m */,
				814EA168240630C10055F562 /* ModelViewTransformMatrix.h */,
				8106331922D302FD00A2073A /* ModelViewTransformMatrix.m */,
			);
			path = TransformMatrix;
			sourceTree = "<group>";
		};
		8106331B22D302FD00A2073A /* Renderer */ = {
			isa = PBXGroup;
			children = (
				8106331C22D302FD00A2073A /* GLES1Renderer.m */,
				8106331D22D302FD00A2073A /* GLES1Renderer.h */,
			);
			path = Renderer;
			sourceTree = "<group>";
		};
		8106331E22D302FD00A2073A /* Asset */ = {
			isa = PBXGroup;
			children = (
				81C08CCB24065565004F496A /* Mesh */,
				818755E523C319F8004BF64B /* Polygon */,
				81655BF824501C93006B370B /* Wipe */,
				8106332222D302FD00A2073A /* BaseAsset.h */,
				8106332022D302FD00A2073A /* BaseAsset.m */,
				8128A24F247224C300630772 /* BaseAnimatorAsset.h */,
				8128A24E247224C300630772 /* BaseAnimatorAsset.m */,
				8192E82B242679E100EB7AAE /* TextureAsset.h */,
				8192E82D242679F500EB7AAE /* TextureAsset.m */,
				8128A24B2472223900630772 /* TextureAnimatorAsset.h */,
				8128A24A2472223900630772 /* TextureAnimatorAsset.m */,
				81416DFB247366BD0082A367 /* TextureAtlasAnimatorAsset.h */,
				81416DFA247366BD0082A367 /* TextureAtlasAnimatorAsset.m */,
				8173786624619CFF00AE510F /* MaterialAsset.h */,
				8173786524619CFF00AE510F /* MaterialAsset.m */,
				811ADAFF244D458600745E1A /* GLES1ShaderAsset.h */,
				811ADB01244D459700745E1A /* GLES1ShaderAsset.m */,
			);
			path = Asset;
			sourceTree = "<group>";
		};
		8106332322D302FD00A2073A /* Entity */ = {
			isa = PBXGroup;
			children = (
				8173786D2461A31C00AE510F /* Mesh.h */,
				8173786E2461A31C00AE510F /* Mesh.m */,
				8173786924619D1B00AE510F /* Material.h */,
				8173786A24619D1B00AE510F /* Material.m */,
				817394C422E156AF003B829B /* VertexArray.h */,
				817394C322E156AF003B829B /* VertexArray.m */,
				819D809C22D440A70076832A /* Transform.h */,
				819D809B22D440A70076832A /* Transform.m */,
				8106334D22D347A700A2073A /* GLESColor.h */,
				8106334E22D347A700A2073A /* GLESColor.m */,
				81D038C02443E77A002367AB /* GLESBlend.h */,
				81D038BE2443E76E002367AB /* GLESBlend.m */,
			);
			path = Entity;
			sourceTree = "<group>";
		};
		8106332622D302FD00A2073A /* Screen */ = {
			isa = PBXGroup;
			children = (
				8106332722D302FD00A2073A /* Viewport.h */,
				8106332822D302FD00A2073A /* Viewport.m */,
			);
			path = Screen;
			sourceTree = "<group>";
		};
		8106332922D302FD00A2073A /* BufferObject */ = {
			isa = PBXGroup;
			children = (
				8106332A22D302FD00A2073A /* BaseBufferObject.h */,
				8106332E22D302FD00A2073A /* BaseBufferObject.m */,
				8106332B22D302FD00A2073A /* FrameBufferObject.h */,
				8106332D22D302FD00A2073A /* FrameBufferObject.m */,
				8106332F22D302FD00A2073A /* ColorBufferObject.h */,
				8106332C22D302FD00A2073A /* ColorBufferObject.m */,
				814B975A22D4A87C000CE7DA /* DepthBufferObject.h */,
				814B975C22D4A886000CE7DA /* DepthBufferObject.m */,
				816662F7245006B400C5993C /* StencilBufferObject.h */,
				816662F8245006B400C5993C /* StencilBufferObject.m */,
			);
			path = BufferObject;
			sourceTree = "<group>";
		};
		814EB07624185D5500AC500C /* Math */ = {
			isa = PBXGroup;
			children = (
				814EB07724185D6F00AC500C /* GLES1Angle.m */,
				814EB07924185D7900AC500C /* GLES1Angle.h */,
				811A48B024219F9100C2BE66 /* GLES1Normal.m */,
				811A48B224219F9D00C2BE66 /* GLES1Normal.h */,
				8192E82F24267CFB00EB7AAE /* GLES1Exponentiation.m */,
				8192E83124267D0700EB7AAE /* GLES1Exponentiation.h */,
			);
			path = Math;
			sourceTree = "<group>";
		};
		814FAEC822CF0F9D006F9494 = {
			isa = PBXGroup;
			children = (
				810632FD22D3029B00A2073A /* iOSObjectiveCGLES1Renderer */,
				8106330822D3029B00A2073A /* iOSObjectiveCGLES1RendererTests */,
				814FAED322CF0F9D006F9494 /* Products */,
				814FAF1722CF13EC006F9494 /* Frameworks */,
			);
			sourceTree = "<group>";
		};
		814FAED322CF0F9D006F9494 /* Products */ = {
			isa = PBXGroup;
			children = (
				810632FC22D3029B00A2073A /* iOSObjectiveCGLES1Renderer.framework */,
				8106330422D3029B00A2073A /* iOSObjectiveCGLES1RendererTests.xctest */,
			);
			name = Products;
			sourceTree = "<group>";
		};
		814FAF1722CF13EC006F9494 /* Frameworks */ = {
			isa = PBXGroup;
			children = (
				814FAF1D22CF176C006F9494 /* Foundation.framework */,
				814FAF1822CF13EC006F9494 /* OpenGLES.framework */,
			);
			name = Frameworks;
			sourceTree = "<group>";
		};
		81655BF824501C93006B370B /* Wipe */ = {
			isa = PBXGroup;
			children = (
				81655BFD24501CEE006B370B /* BaseWipeAsset.h */,
				81655BFE24501CEE006B370B /* BaseWipeAsset.m */,
				81655BF924501C93006B370B /* WipeAsset1.h */,
				81655BFA24501C93006B370B /* WipeAsset1.m */,
			);
			path = Wipe;
			sourceTree = "<group>";
		};
		818755E523C319F8004BF64B /* Polygon */ = {
			isa = PBXGroup;
			children = (
				818755E623C319F8004BF64B /* TriangleAsset1.h */,
				818755E723C319F8004BF64B /* TriangleAsset1.m */,
				81D89D512484C58000A56DBE /* TriangleAsset2.h */,
				81D89D522484C58000A56DBE /* TriangleAsset2.m */,
				8167B04024AABFC900FFB4A7 /* TriangleAsset3.h */,
				8167B04124AABFC900FFB4A7 /* TriangleAsset3.m */,
				81B675C92551AD88007B589E /* TriangleAsset4.h */,
				81B675CA2551AD88007B589E /* TriangleAsset4.m */,
				81C6E6512415BBBB00DB88F2 /* RectangleAsset1.h */,
				81C6E6532415BBE000DB88F2 /* RectangleAsset1.m */,
				819B185624A02D4E00BE4AA9 /* RectangleAsset2.h */,
				819B185724A02D4E00BE4AA9 /* RectangleAsset2.m */,
				814CB67624AD60C500277915 /* RectangleAsset3.h */,
				814CB67724AD60C500277915 /* RectangleAsset3.m */,
				81690553255AAF2900C6BFBF /* RectangleAsset4.h */,
				81690552255AAF2800C6BFBF /* RectangleAsset4.m */,
			);
			path = Polygon;
			sourceTree = "<group>";
		};
		819D80A422D450080076832A /* Camera */ = {
			isa = PBXGroup;
			children = (
				819D80A922D4524D0076832A /* GLES1Camera.h */,
				819D80A622D450080076832A /* GLES1Camera.m */,
			);
			path = Camera;
			sourceTree = "<group>";
		};
		81C08CCB24065565004F496A /* Mesh */ = {
			isa = PBXGroup;
			children = (
				814EB07224185C7900AC500C /* CircleAsset1.h */,
				814EB07424185C8B00AC500C /* CircleAsset1.m */,
				81F4421924A17EDB009C443B /* CircleAsset2.h */,
				81F4421A24A17EDB009C443B /* CircleAsset2.m */,
				8152B33C24D7930A00E4C279 /* CircleAsset3.h */,
				8152B33D24D7930A00E4C279 /* CircleAsset3.m */,
				81C08CCD24065565004F496A /* CubeAsset1.h */,
				81C08CCC24065565004F496A /* CubeAsset1.m */,
				8135DC9624A4367D00A4C72D /* CubeAsset2.h */,
				8135DC9524A4367D00A4C72D /* CubeAsset2.m */,
				81644E6224B2B68800841DEA /* CubeAsset3.h */,
				81644E6124B2B68800841DEA /* CubeAsset3.m */,
				811A48A82421942000C2BE66 /* SphereAsset1.h */,
				811A48A62421941400C2BE66 /* SphereAsset1.m */,
				81B65D6824A5DA190075C0D1 /* SphereAsset2.h */,
				81B65D6924A5DA190075C0D1 /* SphereAsset2.m */,
				81C5BFD824B699AB00F45782 /* SphereAsset3.h */,
				81C5BFD924B699AB00F45782 /* SphereAsset3.m */,
				8199EF672459055D00FFEAA8 /* ObjAsset.h */,
				8199EF652459054C00FFEAA8 /* ObjAsset.m */,
			);
			path = Mesh;
			sourceTree = "<group>";
		};
		81C08CD02406566A004F496A /* Utility */ = {
			isa = PBXGroup;
			children = (
				81C08CD12406566A004F496A /* glu.c */,
				81C08CD22406566A004F496A /* glu.h */,
			);
			path = Utility;
			sourceTree = "<group>";
		};
		81D4EC012410DC5E00E7B3F5 /* Environment */ = {
			isa = PBXGroup;
			children = (
				81B76E1A243EB15800ADD9A6 /* GLES1Fog.h */,
				81B76E1B243EB15900ADD9A6 /* GLES1Fog.m */,
				81D4EC032410DC5E00E7B3F5 /* GLES1Light.h */,
				81D4EC022410DC5E00E7B3F5 /* GLES1Light.m */,
			);
			path = Environment;
			sourceTree = "<group>";
		};
/* End PBXGroup section */

/* Begin PBXHeadersBuildPhase section */
		810632F722D3029B00A2073A /* Headers */ = {
			isa = PBXHeadersBuildPhase;
			buildActionMask = 2147483647;
			files = (
				81690555255AAF2900C6BFBF /* RectangleAsset4.h in Headers */,
				8192E82C242679E100EB7AAE /* TextureAsset.h in Headers */,
				8106333B22D302FD00A2073A /* BaseAsset.h in Headers */,
				81B76E1C243EB15900ADD9A6 /* GLES1Fog.h in Headers */,
				81C6E6522415BBBB00DB88F2 /* RectangleAsset1.h in Headers */,
				81C5BFDA24B699AB00F45782 /* SphereAsset3.h in Headers */,
				81D89D532484C58000A56DBE /* TriangleAsset2.h in Headers */,
				811A48B324219F9D00C2BE66 /* GLES1Normal.h in Headers */,
				8106333722D302FD00A2073A /* GLES1Renderer.h in Headers */,
				81C08CD42406566A004F496A /* glu.h in Headers */,
				8199EF682459055D00FFEAA8 /* ObjAsset.h in Headers */,
				814EA167240608840055F562 /* ProjectonTransfomMatrix.h in Headers */,
				81D4EC052410DC5E00E7B3F5 /* GLES1Light.h in Headers */,
				818755E823C319F8004BF64B /* TriangleAsset1.h in Headers */,
				8135DC9824A4367D00A4C72D /* CubeAsset2.h in Headers */,
				8106334022D302FD00A2073A /* BaseBufferObject.h in Headers */,
				819D809E22D440A70076832A /* Transform.h in Headers */,
				8106333E22D302FD00A2073A /* Viewport.h in Headers */,
				81D038C12443E77A002367AB /* GLESBlend.h in Headers */,
				816662F9245006B400C5993C /* StencilBufferObject.h in Headers */,
				81416DFD247366BD0082A367 /* TextureAtlasAnimatorAsset.h in Headers */,
				814CB67824AD60C600277915 /* RectangleAsset3.h in Headers */,
				8152B33E24D7930A00E4C279 /* CircleAsset3.h in Headers */,
				81B65D6A24A5DA190075C0D1 /* SphereAsset2.h in Headers */,
				817394C622E156AF003B829B /* VertexArray.h in Headers */,
				819D80AA22D4524D0076832A /* GLES1Camera.h in Headers */,
				8106330C22D3029B00A2073A /* iOSObjectiveCGLES1Renderer.h in Headers */,
				8173786F2461A31C00AE510F /* Mesh.h in Headers */,
				811ADB00244D458600745E1A /* GLES1ShaderAsset.h in Headers */,
				8173786824619CFF00AE510F /* MaterialAsset.h in Headers */,
				81F4421B24A17EDB009C443B /* CircleAsset2.h in Headers */,
				8106334122D302FD00A2073A /* FrameBufferObject.h in Headers */,
				814EA169240630C10055F562 /* ModelViewTransformMatrix.h in Headers */,
				81B675CB2551AD88007B589E /* TriangleAsset4.h in Headers */,
				8128A24D2472223900630772 /* TextureAnimatorAsset.h in Headers */,
				81655BFF24501CEE006B370B /* BaseWipeAsset.h in Headers */,
				81C08CCF24065565004F496A /* CubeAsset1.h in Headers */,
				8106334522D302FD00A2073A /* ColorBufferObject.h in Headers */,
				819B185824A02D4E00BE4AA9 /* RectangleAsset2.h in Headers */,
				8106334F22D347A700A2073A /* GLESColor.h in Headers */,
				81655BFB24501C94006B370B /* WipeAsset1.h in Headers */,
				8192E83224267D0700EB7AAE /* GLES1Exponentiation.h in Headers */,
				8173786B24619D1B00AE510F /* Material.h in Headers */,
				814B975B22D4A87C000CE7DA /* DepthBufferObject.h in Headers */,
				814EB07324185C7900AC500C /* CircleAsset1.h in Headers */,
				811A48A92421942000C2BE66 /* SphereAsset1.h in Headers */,
				8167B04224AABFC900FFB4A7 /* TriangleAsset3.h in Headers */,
				8128A251247224C300630772 /* BaseAnimatorAsset.h in Headers */,
				81644E6424B2B68800841DEA /* CubeAsset3.h in Headers */,
			);
			runOnlyForDeploymentPostprocessing = 0;
		};
/* End PBXHeadersBuildPhase section */

/* Begin PBXNativeTarget section */
		810632FB22D3029B00A2073A /* iOSObjectiveCGLES1Renderer */ = {
			isa = PBXNativeTarget;
			buildConfigurationList = 8106330D22D3029B00A2073A /* Build configuration list for PBXNativeTarget "iOSObjectiveCGLES1Renderer" */;
			buildPhases = (
				810632F722D3029B00A2073A /* Headers */,
				810632F822D3029B00A2073A /* Sources */,
				810632F922D3029B00A2073A /* Frameworks */,
				810632FA22D3029B00A2073A /* Resources */,
			);
			buildRules = (
			);
			dependencies = (
			);
			name = iOSObjectiveCGLES1Renderer;
			productName = iOSObjectiveCGLES1Renderer;
			productReference = 810632FC22D3029B00A2073A /* iOSObjectiveCGLES1Renderer.framework */;
			productType = "com.apple.product-type.framework";
		};
		8106330322D3029B00A2073A /* iOSObjectiveCGLES1RendererTests */ = {
			isa = PBXNativeTarget;
			buildConfigurationList = 8106331022D3029B00A2073A /* Build configuration list for PBXNativeTarget "iOSObjectiveCGLES1RendererTests" */;
			buildPhases = (
				8106330022D3029B00A2073A /* Sources */,
				8106330122D3029B00A2073A /* Frameworks */,
				8106330222D3029B00A2073A /* Resources */,
			);
			buildRules = (
			);
			dependencies = (
				8106330722D3029B00A2073A /* PBXTargetDependency */,
			);
			name = iOSObjectiveCGLES1RendererTests;
			productName = iOSObjectiveCGLES1RendererTests;
			productReference = 8106330422D3029B00A2073A /* iOSObjectiveCGLES1RendererTests.xctest */;
			productType = "com.apple.product-type.bundle.unit-test";
		};
/* End PBXNativeTarget section */

/* Begin PBXProject section */
		814FAEC922CF0F9D006F9494 /* Project object */ = {
			isa = PBXProject;
			attributes = {
				LastSwiftUpdateCheck = 1010;
				LastUpgradeCheck = 1010;
				ORGANIZATIONNAME = "Kotaro Masamoto";
				TargetAttributes = {
					810632FB22D3029B00A2073A = {
						CreatedOnToolsVersion = 10.1;
					};
					8106330322D3029B00A2073A = {
						CreatedOnToolsVersion = 10.1;
					};
				};
			};
			buildConfigurationList = 814FAECC22CF0F9D006F9494 /* Build configuration list for PBXProject "renderer" */;
			compatibilityVersion = "Xcode 9.3";
			developmentRegion = en;
			hasScannedForEncodings = 0;
			knownRegions = (
				en,
			);
			mainGroup = 814FAEC822CF0F9D006F9494;
			productRefGroup = 814FAED322CF0F9D006F9494 /* Products */;
			projectDirPath = "";
			projectRoot = "";
			targets = (
				810632FB22D3029B00A2073A /* iOSObjectiveCGLES1Renderer */,
				8106330322D3029B00A2073A /* iOSObjectiveCGLES1RendererTests */,
			);
		};
/* End PBXProject section */

/* Begin PBXResourcesBuildPhase section */
		810632FA22D3029B00A2073A /* Resources */ = {
			isa = PBXResourcesBuildPhase;
			buildActionMask = 2147483647;
			files = (
			);
			runOnlyForDeploymentPostprocessing = 0;
		};
		8106330222D3029B00A2073A /* Resources */ = {
			isa = PBXResourcesBuildPhase;
			buildActionMask = 2147483647;
			files = (
			);
			runOnlyForDeploymentPostprocessing = 0;
		};
/* End PBXResourcesBuildPhase section */

/* Begin PBXSourcesBuildPhase section */
		810632F822D3029B00A2073A /* Sources */ = {
			isa = PBXSourcesBuildPhase;
			buildActionMask = 2147483647;
			files = (
				819B185924A02D4E00BE4AA9 /* RectangleAsset2.m in Sources */,
				8199EF662459054C00FFEAA8 /* ObjAsset.m in Sources */,
				81B65D6B24A5DA190075C0D1 /* SphereAsset2.m in Sources */,
				81C5BFDB24B699AB00F45782 /* SphereAsset3.m in Sources */,
				811ADB02244D459700745E1A /* GLES1ShaderAsset.m in Sources */,
				814CB67924AD60C600277915 /* RectangleAsset3.m in Sources */,
				814B975D22D4A886000CE7DA /* DepthBufferObject.m in Sources */,
				81655C0024501CEE006B370B /* BaseWipeAsset.m in Sources */,
				8128A24C2472223900630772 /* TextureAnimatorAsset.m in Sources */,
				817378702461A31C00AE510F /* Mesh.m in Sources */,
				81644E6324B2B68800841DEA /* CubeAsset3.m in Sources */,
				8106334322D302FD00A2073A /* FrameBufferObject.m in Sources */,
				8192E82E242679F500EB7AAE /* TextureAsset.m in Sources */,
				8173786C24619D1B00AE510F /* Material.m in Sources */,
				814EA166240608840055F562 /* ProjectonTransfomMatrix.m in Sources */,
				8106335022D347A700A2073A /* GLESColor.m in Sources */,
				81C08CD32406566A004F496A /* glu.c in Sources */,
				8106334222D302FD00A2073A /* ColorBufferObject.m in Sources */,
				81C6E6542415BBE000DB88F2 /* RectangleAsset1.m in Sources */,
				81416DFC247366BD0082A367 /* TextureAtlasAnimatorAsset.m in Sources */,
				81D89D542484C58000A56DBE /* TriangleAsset2.m in Sources */,
				81B675CC2551AD88007B589E /* TriangleAsset4.m in Sources */,
				8106333622D302FD00A2073A /* GLES1Renderer.m in Sources */,
				81D4EC042410DC5E00E7B3F5 /* GLES1Light.m in Sources */,
				8106334422D302FD00A2073A /* BaseBufferObject.m in Sources */,
				819D809D22D440A70076832A /* Transform.m in Sources */,
				8152B33F24D7930A00E4C279 /* CircleAsset3.m in Sources */,
				81655BFC24501C94006B370B /* WipeAsset1.m in Sources */,
				8167B04324AABFC900FFB4A7 /* TriangleAsset3.m in Sources */,
				814EB07524185C8B00AC500C /* CircleAsset1.m in Sources */,
				81B76E1D243EB15900ADD9A6 /* GLES1Fog.m in Sources */,
				811A48B124219F9100C2BE66 /* GLES1Normal.m in Sources */,
				8106333922D302FD00A2073A /* BaseAsset.m in Sources */,
				811A48A72421941400C2BE66 /* SphereAsset1.m in Sources */,
				817394C522E156AF003B829B /* VertexArray.m in Sources */,
				814EB07824185D6F00AC500C /* GLES1Angle.m in Sources */,
				81F4421C24A17EDB009C443B /* CircleAsset2.m in Sources */,
				8106333F22D302FD00A2073A /* Viewport.m in Sources */,
				818755E923C319F8004BF64B /* TriangleAsset1.m in Sources */,
				81690554255AAF2900C6BFBF /* RectangleAsset4.m in Sources */,
				8173786724619CFF00AE510F /* MaterialAsset.m in Sources */,
				8106333422D302FD00A2073A /* ModelViewTransformMatrix.m in Sources */,
				819D80A822D450080076832A /* GLES1Camera.m in Sources */,
				816662FA245006B400C5993C /* StencilBufferObject.m in Sources */,
				8128A250247224C300630772 /* BaseAnimatorAsset.m in Sources */,
				8192E83024267CFB00EB7AAE /* GLES1Exponentiation.m in Sources */,
				8135DC9724A4367D00A4C72D /* CubeAsset2.m in Sources */,
				81D038BF2443E76E002367AB /* GLESBlend.m in Sources */,
				81C08CCE24065565004F496A /* CubeAsset1.m in Sources */,
			);
			runOnlyForDeploymentPostprocessing = 0;
		};
		8106330022D3029B00A2073A /* Sources */ = {
			isa = PBXSourcesBuildPhase;
			buildActionMask = 2147483647;
			files = (
				8106330A22D3029B00A2073A /* iOSObjectiveCGLES1RendererTests.m in Sources */,
			);
			runOnlyForDeploymentPostprocessing = 0;
		};
/* End PBXSourcesBuildPhase section */

/* Begin PBXTargetDependency section */
		8106330722D3029B00A2073A /* PBXTargetDependency */ = {
			isa = PBXTargetDependency;
			target = 810632FB22D3029B00A2073A /* iOSObjectiveCGLES1Renderer */;
			targetProxy = 8106330622D3029B00A2073A /* PBXContainerItemProxy */;
		};
/* End PBXTargetDependency section */

/* Begin XCBuildConfiguration section */
		8106330E22D3029B00A2073A /* Debug */ = {
			isa = XCBuildConfiguration;
			buildSettings = {
				CODE_SIGN_IDENTITY = "";
				CODE_SIGN_STYLE = Automatic;
				DEFINES_MODULE = YES;
				DEVELOPMENT_TEAM = C9V674GA4T;
				DYLIB_COMPATIBILITY_VERSION = 1;
				DYLIB_CURRENT_VERSION = 1;
				DYLIB_INSTALL_NAME_BASE = "@rpath";
				INFOPLIST_FILE = iOSObjectiveCGLES1Renderer/Info.plist;
				INSTALL_PATH = "$(LOCAL_LIBRARY_DIR)/Frameworks";
				IPHONEOS_DEPLOYMENT_TARGET = 10.0;
				LD_RUNPATH_SEARCH_PATHS = (
					"$(inherited)",
					"@executable_path/Frameworks",
					"@loader_path/Frameworks",
				);
				PRODUCT_BUNDLE_IDENTIFIER = com.ucreatets.renderer;
				PRODUCT_NAME = "$(TARGET_NAME:c99extidentifier)";
				SKIP_INSTALL = YES;
				TARGETED_DEVICE_FAMILY = "1,2";
			};
			name = Debug;
		};
		8106330F22D3029B00A2073A /* Release */ = {
			isa = XCBuildConfiguration;
			buildSettings = {
				CODE_SIGN_IDENTITY = "";
				CODE_SIGN_STYLE = Automatic;
				DEFINES_MODULE = YES;
				DEVELOPMENT_TEAM = C9V674GA4T;
				DYLIB_COMPATIBILITY_VERSION = 1;
				DYLIB_CURRENT_VERSION = 1;
				DYLIB_INSTALL_NAME_BASE = "@rpath";
				INFOPLIST_FILE = iOSObjectiveCGLES1Renderer/Info.plist;
				INSTALL_PATH = "$(LOCAL_LIBRARY_DIR)/Frameworks";
				IPHONEOS_DEPLOYMENT_TARGET = 10.0;
				LD_RUNPATH_SEARCH_PATHS = (
					"$(inherited)",
					"@executable_path/Frameworks",
					"@loader_path/Frameworks",
				);
				PRODUCT_BUNDLE_IDENTIFIER = com.ucreatets.renderer;
				PRODUCT_NAME = "$(TARGET_NAME:c99extidentifier)";
				SKIP_INSTALL = YES;
				TARGETED_DEVICE_FAMILY = "1,2";
			};
			name = Release;
		};
		8106331122D3029B00A2073A /* Debug */ = {
			isa = XCBuildConfiguration;
			buildSettings = {
				CODE_SIGN_STYLE = Automatic;
				DEVELOPMENT_TEAM = C9V674GA4T;
				INFOPLIST_FILE = iOSObjectiveCGLES1RendererTests/Info.plist;
				LD_RUNPATH_SEARCH_PATHS = (
					"$(inherited)",
					"@executable_path/Frameworks",
					"@loader_path/Frameworks",
				);
				PRODUCT_BUNDLE_IDENTIFIER = com.ucreatets.iOSObjectiveCGLES1RendererTests;
				PRODUCT_NAME = "$(TARGET_NAME)";
				TARGETED_DEVICE_FAMILY = "1,2";
			};
			name = Debug;
		};
		8106331222D3029B00A2073A /* Release */ = {
			isa = XCBuildConfiguration;
			buildSettings = {
				CODE_SIGN_STYLE = Automatic;
				DEVELOPMENT_TEAM = C9V674GA4T;
				INFOPLIST_FILE = iOSObjectiveCGLES1RendererTests/Info.plist;
				LD_RUNPATH_SEARCH_PATHS = (
					"$(inherited)",
					"@executable_path/Frameworks",
					"@loader_path/Frameworks",
				);
				PRODUCT_BUNDLE_IDENTIFIER = com.ucreatets.iOSObjectiveCGLES1RendererTests;
				PRODUCT_NAME = "$(TARGET_NAME)";
				TARGETED_DEVICE_FAMILY = "1,2";
			};
			name = Release;
		};
		814FAEE422CF0F9D006F9494 /* Debug */ = {
			isa = XCBuildConfiguration;
			buildSettings = {
				ALWAYS_SEARCH_USER_PATHS = NO;
				CLANG_ANALYZER_NONNULL = YES;
				CLANG_ANALYZER_NUMBER_OBJECT_CONVERSION = YES_AGGRESSIVE;
				CLANG_CXX_LANGUAGE_STANDARD = "gnu++14";
				CLANG_CXX_LIBRARY = "libc++";
				CLANG_ENABLE_MODULES = YES;
				CLANG_ENABLE_OBJC_ARC = YES;
				CLANG_ENABLE_OBJC_WEAK = YES;
				CLANG_WARN_BLOCK_CAPTURE_AUTORELEASING = YES;
				CLANG_WARN_BOOL_CONVERSION = YES;
				CLANG_WARN_COMMA = YES;
				CLANG_WARN_CONSTANT_CONVERSION = YES;
				CLANG_WARN_DEPRECATED_OBJC_IMPLEMENTATIONS = YES;
				CLANG_WARN_DIRECT_OBJC_ISA_USAGE = YES_ERROR;
				CLANG_WARN_DOCUMENTATION_COMMENTS = YES;
				CLANG_WARN_EMPTY_BODY = YES;
				CLANG_WARN_ENUM_CONVERSION = YES;
				CLANG_WARN_INFINITE_RECURSION = YES;
				CLANG_WARN_INT_CONVERSION = YES;
				CLANG_WARN_NON_LITERAL_NULL_CONVERSION = YES;
				CLANG_WARN_OBJC_IMPLICIT_RETAIN_SELF = YES;
				CLANG_WARN_OBJC_LITERAL_CONVERSION = YES;
				CLANG_WARN_OBJC_ROOT_CLASS = YES_ERROR;
				CLANG_WARN_RANGE_LOOP_ANALYSIS = YES;
				CLANG_WARN_STRICT_PROTOTYPES = YES;
				CLANG_WARN_SUSPICIOUS_MOVE = YES;
				CLANG_WARN_UNGUARDED_AVAILABILITY = YES_AGGRESSIVE;
				CLANG_WARN_UNREACHABLE_CODE = YES;
				CLANG_WARN__DUPLICATE_METHOD_MATCH = YES;
				CODE_SIGN_IDENTITY = "iPhone Developer";
				COPY_PHASE_STRIP = NO;
				CURRENT_PROJECT_VERSION = 1;
				DEBUG_INFORMATION_FORMAT = dwarf;
				ENABLE_STRICT_OBJC_MSGSEND = YES;
				ENABLE_TESTABILITY = YES;
				GCC_C_LANGUAGE_STANDARD = gnu11;
				GCC_DYNAMIC_NO_PIC = NO;
				GCC_NO_COMMON_BLOCKS = YES;
				GCC_OPTIMIZATION_LEVEL = 0;
				GCC_PREPROCESSOR_DEFINITIONS = (
					"DEBUG=1",
					"$(inherited)",
				);
				GCC_WARN_64_TO_32_BIT_CONVERSION = YES;
				GCC_WARN_ABOUT_RETURN_TYPE = YES_ERROR;
				GCC_WARN_UNDECLARED_SELECTOR = YES;
				GCC_WARN_UNINITIALIZED_AUTOS = YES_AGGRESSIVE;
				GCC_WARN_UNUSED_FUNCTION = YES;
				GCC_WARN_UNUSED_VARIABLE = YES;
				IPHONEOS_DEPLOYMENT_TARGET = 12.1;
				MTL_ENABLE_DEBUG_INFO = INCLUDE_SOURCE;
				MTL_FAST_MATH = YES;
				ONLY_ACTIVE_ARCH = YES;
				SDKROOT = iphoneos;
				VERSIONING_SYSTEM = "apple-generic";
				VERSION_INFO_PREFIX = "";
			};
			name = Debug;
		};
		814FAEE522CF0F9D006F9494 /* Release */ = {
			isa = XCBuildConfiguration;
			buildSettings = {
				ALWAYS_SEARCH_USER_PATHS = NO;
				CLANG_ANALYZER_NONNULL = YES;
				CLANG_ANALYZER_NUMBER_OBJECT_CONVERSION = YES_AGGRESSIVE;
				CLANG_CXX_LANGUAGE_STANDARD = "gnu++14";
				CLANG_CXX_LIBRARY = "libc++";
				CLANG_ENABLE_MODULES = YES;
				CLANG_ENABLE_OBJC_ARC = YES;
				CLANG_ENABLE_OBJC_WEAK = YES;
				CLANG_WARN_BLOCK_CAPTURE_AUTORELEASING = YES;
				CLANG_WARN_BOOL_CONVERSION = YES;
				CLANG_WARN_COMMA = YES;
				CLANG_WARN_CONSTANT_CONVERSION = YES;
				CLANG_WARN_DEPRECATED_OBJC_IMPLEMENTATIONS = YES;
				CLANG_WARN_DIRECT_OBJC_ISA_USAGE = YES_ERROR;
				CLANG_WARN_DOCUMENTATION_COMMENTS = YES;
				CLANG_WARN_EMPTY_BODY = YES;
				CLANG_WARN_ENUM_CONVERSION = YES;
				CLANG_WARN_INFINITE_RECURSION = YES;
				CLANG_WARN_INT_CONVERSION = YES;
				CLANG_WARN_NON_LITERAL_NULL_CONVERSION = YES;
				CLANG_WARN_OBJC_IMPLICIT_RETAIN_SELF = YES;
				CLANG_WARN_OBJC_LITERAL_CONVERSION = YES;
				CLANG_WARN_OBJC_ROOT_CLASS = YES_ERROR;
				CLANG_WARN_RANGE_LOOP_ANALYSIS = YES;
				CLANG_WARN_STRICT_PROTOTYPES = YES;
				CLANG_WARN_SUSPICIOUS_MOVE = YES;
				CLANG_WARN_UNGUARDED_AVAILABILITY = YES_AGGRESSIVE;
				CLANG_WARN_UNREACHABLE_CODE = YES;
				CLANG_WARN__DUPLICATE_METHOD_MATCH = YES;
				CODE_SIGN_IDENTITY = "iPhone Developer";
				COPY_PHASE_STRIP = NO;
				CURRENT_PROJECT_VERSION = 1;
				DEBUG_INFORMATION_FORMAT = "dwarf-with-dsym";
				ENABLE_NS_ASSERTIONS = NO;
				ENABLE_STRICT_OBJC_MSGSEND = YES;
				GCC_C_LANGUAGE_STANDARD = gnu11;
				GCC_NO_COMMON_BLOCKS = YES;
				GCC_WARN_64_TO_32_BIT_CONVERSION = YES;
				GCC_WARN_ABOUT_RETURN_TYPE = YES_ERROR;
				GCC_WARN_UNDECLARED_SELECTOR = YES;
				GCC_WARN_UNINITIALIZED_AUTOS = YES_AGGRESSIVE;
				GCC_WARN_UNUSED_FUNCTION = YES;
				GCC_WARN_UNUSED_VARIABLE = YES;
				IPHONEOS_DEPLOYMENT_TARGET = 12.1;
				MTL_ENABLE_DEBUG_INFO = NO;
				MTL_FAST_MATH = YES;
				SDKROOT = iphoneos;
				VALIDATE_PRODUCT = YES;
				VERSIONING_SYSTEM = "apple-generic";
				VERSION_INFO_PREFIX = "";
			};
			name = Release;
		};
/* End XCBuildConfiguration section */

/* Begin XCConfigurationList section */
		8106330D22D3029B00A2073A /* Build configuration list for PBXNativeTarget "iOSObjectiveCGLES1Renderer" */ = {
			isa = XCConfigurationList;
			buildConfigurations = (
				8106330E22D3029B00A2073A /* Debug */,
				8106330F22D3029B00A2073A /* Release */,
			);
			defaultConfigurationIsVisible = 0;
			defaultConfigurationName = Release;
		};
		8106331022D3029B00A2073A /* Build configuration list for PBXNativeTarget "iOSObjectiveCGLES1RendererTests" */ = {
			isa = XCConfigurationList;
			buildConfigurations = (
				8106331122D3029B00A2073A /* Debug */,
				8106331222D3029B00A2073A /* Release */,
			);
			defaultConfigurationIsVisible = 0;
			defaultConfigurationName = Release;
		};
		814FAECC22CF0F9D006F9494 /* Build configuration list for PBXProject "renderer" */ = {
			isa = XCConfigurationList;
			buildConfigurations = (
				814FAEE422CF0F9D006F9494 /* Debug */,
				814FAEE522CF0F9D006F9494 /* Release */,
			);
			defaultConfigurationIsVisible = 0;
			defaultConfigurationName = Release;
		};
/* End XCConfigurationList section */
	};
	rootObject = 814FAEC922CF0F9D006F9494 /* Project object */;
}
